
Microsoft Visual Studio Solution File, Format Version 12.00
# Visual Studio Version 17
VisualStudioVersion = 17.4.33213.308
MinimumVisualStudioVersion = 10.0.40219.1
Project("{9A19103F-16F7-4668-BE54-9A1E7A4F7556}") = "StopWatchApp", "StopWatchApp\StopWatchApp.csproj", "{404627AB-745D-4787-8587-B6CE5ECFF2E1}"
EndProject
Project("{9A19103F-16F7-4668-BE54-9A1E7A4F7556}") = "PostVoterApp", "PostVoterApp\PostVoterApp.csproj", "{E06597ED-1395-4728-851C-73258C48699C}"
EndProject
Project("{9A19103F-16F7-4668-BE54-9A1E7A4F7556}") = "StackExample", "StackExample\StackExample.csproj", "{F8531F01-A16F-4045-8D04-BF8F5A8A01B9}"
EndProject
Project("{FAE04EC0-301F-11D3-BF4B-00C04F79EFBC}") = "Extensibility.Learn", "Extensibility.Learn\Extensibility.Learn.csproj", "{D8F18CC2-615B-41EF-9C36-72C6CFAC568F}"
EndProject
Project("{FAE04EC0-301F-11D3-BF4B-00C04F79EFBC}") = "IPolymorphism.Learn", "IPolymorphism.Learn\IPolymorphism.Learn.csproj", "{76473FB6-33DC-4A38-90BE-8A26A5846297}"
EndProject
Project("{FAE04EC0-301F-11D3-BF4B-00C04F79EFBC}") = "WorkFlowApp", "WorkFlowApp\WorkFlowApp.csproj", "{C0CE4EAF-A11B-4665-A507-EE09C368C654}"
EndProject
Global
	GlobalSection(SolutionConfigurationPlatforms) = preSolution
		Debug|Any CPU = Debug|Any CPU
		Release|Any CPU = Release|Any CPU
	EndGlobalSection
	GlobalSection(ProjectConfigurationPlatforms) = postSolution
		{404627AB-745D-4787-8587-B6CE5ECFF2E1}.Debug|Any CPU.ActiveCfg = Debug|Any CPU
		{404627AB-745D-4787-8587-B6CE5ECFF2E1}.Debug|Any CPU.Build.0 = Debug|Any CPU
		{404627AB-745D-4787-8587-B6CE5ECFF2E1}.Release|Any CPU.ActiveCfg = Release|Any CPU
		{404627AB-745D-4787-8587-B6CE5ECFF2E1}.Release|Any CPU.Build.0 = Release|Any CPU
		{E06597ED-1395-4728-851C-73258C48699C}.Debug|Any CPU.ActiveCfg = Debug|Any CPU
		{E06597ED-1395-4728-851C-73258C48699C}.Debug|Any CPU.Build.0 = Debug|Any CPU
		{E06597ED-1395-4728-851C-73258C48699C}.Release|Any CPU.ActiveCfg = Release|Any CPU
		{E06597ED-1395-4728-851C-73258C48699C}.Release|Any CPU.Build.0 = Release|Any CPU
		{F8531F01-A16F-4045-8D04-BF8F5A8A01B9}.Debug|Any CPU.ActiveCfg = Debug|Any CPU
		{F8531F01-A16F-4045-8D04-BF8F5A8A01B9}.Debug|Any CPU.Build.0 = Debug|Any CPU
		{F8531F01-A16F-4045-8D04-BF8F5A8A01B9}.Release|Any CPU.ActiveCfg = Release|Any CPU
		{F8531F01-A16F-4045-8D04-BF8F5A8A01B9}.Release|Any CPU.Build.0 = Release|Any CPU
		{D8F18CC2-615B-41EF-9C36-72C6CFAC568F}.Debug|Any CPU.ActiveCfg = Debug|Any CPU
		{D8F18CC2-615B-41EF-9C36-72C6CFAC568F}.Debug|Any CPU.Build.0 = Debug|Any CPU
		{D8F18CC2-615B-41EF-9C36-72C6CFAC568F}.Release|Any CPU.ActiveCfg = Release|Any CPU
		{D8F18CC2-615B-41EF-9C36-72C6CFAC568F}.Release|Any CPU.Build.0 = Release|Any CPU
		{76473FB6-33DC-4A38-90BE-8A26A5846297}.Debug|Any CPU.ActiveCfg = Debug|Any CPU
		{76473FB6-33DC-4A38-90BE-8A26A5846297}.Debug|Any CPU.Build.0 = Debug|Any CPU
		{76473FB6-33DC-4A38-90BE-8A26A5846297}.Release|Any CPU.ActiveCfg = Release|Any CPU
		{76473FB6-33DC-4A38-90BE-8A26A5846297}.Release|Any CPU.Build.0 = Release|Any CPU
		{C0CE4EAF-A11B-4665-A507-EE09C368C654}.Debug|Any CPU.ActiveCfg = Debug|Any CPU
		{C0CE4EAF-A11B-4665-A507-EE09C368C654}.Debug|Any CPU.Build.0 = Debug|Any CPU
		{C0CE4EAF-A11B-4665-A507-EE09C368C654}.Release|Any CPU.ActiveCfg = Release|Any CPU
		{C0CE4EAF-A11B-4665-A507-EE09C368C654}.Release|Any CPU.Build.0 = Release|Any CPU
	EndGlobalSection
	GlobalSection(SolutionProperties) = preSolution
		HideSolutionNode = FALSE
	EndGlobalSection
	GlobalSection(ExtensibilityGlobals) = postSolution
		SolutionGuid = {EA9A30EA-078A-490B-91E3-51D0D59D7C22}
	EndGlobalSection
EndGlobal
